
Microsoft Visual Studio Solution File, Format Version 12.00
# Visual Studio Version 16
VisualStudioVersion = 16.0.30309.148
MinimumVisualStudioVersion = 10.0.40219.1
Project("{FAE04EC0-301F-11D3-BF4B-00C04F79EFBC}") = "BVMinh.DemoKafka.UI", "BVMinh.DemoKafka.UI\BVMinh.DemoKafka.UI.csproj", "{ACA088B3-576E-48BF-83B7-D7F894BC2BEA}"
EndProject
Project("{FAE04EC0-301F-11D3-BF4B-00C04F79EFBC}") = "BVMinh.DemoKafka.Scheduler", "BVMinh.DemoKafka.Scheduler\BVMinh.DemoKafka.Scheduler.csproj", "{2E097EC9-6B1D-46C6-9D1C-2F62A2A30076}"
EndProject
Project("{FAE04EC0-301F-11D3-BF4B-00C04F79EFBC}") = "BVMinh.DemoKafka.Entity", "BVMinh.DemoKafka.Entity\BVMinh.DemoKafka.Entity.csproj", "{E0B3AB33-1822-4528-9C4E-B1F9BF709398}"
EndProject
Project("{FAE04EC0-301F-11D3-BF4B-00C04F79EFBC}") = "BVMinh.DemoKafka.DL", "BVMinh.DemoKafka.DL\BVMinh.DemoKafka.DL.csproj", "{D174BAC8-351C-4FF1-802B-68717E3E8D31}"
EndProject
Project("{FAE04EC0-301F-11D3-BF4B-00C04F79EFBC}") = "BVMinh.DemoKafka.Common", "BVMinh.DemoKafka.Common\BVMinh.DemoKafka.Common.csproj", "{CDC74D01-C8F8-44C0-9AF6-311B819A5507}"
EndProject
Global
	GlobalSection(SolutionConfigurationPlatforms) = preSolution
		Debug|Any CPU = Debug|Any CPU
		Release|Any CPU = Release|Any CPU
	EndGlobalSection
	GlobalSection(ProjectConfigurationPlatforms) = postSolution
		{ACA088B3-576E-48BF-83B7-D7F894BC2BEA}.Debug|Any CPU.ActiveCfg = Debug|Any CPU
		{ACA088B3-576E-48BF-83B7-D7F894BC2BEA}.Debug|Any CPU.Build.0 = Debug|Any CPU
		{ACA088B3-576E-48BF-83B7-D7F894BC2BEA}.Release|Any CPU.ActiveCfg = Release|Any CPU
		{ACA088B3-576E-48BF-83B7-D7F894BC2BEA}.Release|Any CPU.Build.0 = Release|Any CPU
		{2E097EC9-6B1D-46C6-9D1C-2F62A2A30076}.Debug|Any CPU.ActiveCfg = Debug|Any CPU
		{2E097EC9-6B1D-46C6-9D1C-2F62A2A30076}.Debug|Any CPU.Build.0 = Debug|Any CPU
		{2E097EC9-6B1D-46C6-9D1C-2F62A2A30076}.Release|Any CPU.ActiveCfg = Release|Any CPU
		{2E097EC9-6B1D-46C6-9D1C-2F62A2A30076}.Release|Any CPU.Build.0 = Release|Any CPU
		{E0B3AB33-1822-4528-9C4E-B1F9BF709398}.Debug|Any CPU.ActiveCfg = Debug|Any CPU
		{E0B3AB33-1822-4528-9C4E-B1F9BF709398}.Debug|Any CPU.Build.0 = Debug|Any CPU
		{E0B3AB33-1822-4528-9C4E-B1F9BF709398}.Release|Any CPU.ActiveCfg = Release|Any CPU
		{E0B3AB33-1822-4528-9C4E-B1F9BF709398}.Release|Any CPU.Build.0 = Release|Any CPU
		{D174BAC8-351C-4FF1-802B-68717E3E8D31}.Debug|Any CPU.ActiveCfg = Debug|Any CPU
		{D174BAC8-351C-4FF1-802B-68717E3E8D31}.Debug|Any CPU.Build.0 = Debug|Any CPU
		{D174BAC8-351C-4FF1-802B-68717E3E8D31}.Release|Any CPU.ActiveCfg = Release|Any CPU
		{D174BAC8-351C-4FF1-802B-68717E3E8D31}.Release|Any CPU.Build.0 = Release|Any CPU
		{CDC74D01-C8F8-44C0-9AF6-311B819A5507}.Debug|Any CPU.ActiveCfg = Debug|Any CPU
		{CDC74D01-C8F8-44C0-9AF6-311B819A5507}.Debug|Any CPU.Build.0 = Debug|Any CPU
		{CDC74D01-C8F8-44C0-9AF6-311B819A5507}.Release|Any CPU.ActiveCfg = Release|Any CPU
		{CDC74D01-C8F8-44C0-9AF6-311B819A5507}.Release|Any CPU.Build.0 = Release|Any CPU
	EndGlobalSection
	GlobalSection(SolutionProperties) = preSolution
		HideSolutionNode = FALSE
	EndGlobalSection
	GlobalSection(ExtensibilityGlobals) = postSolution
		SolutionGuid = {3D10F6CA-B0A4-45E7-9736-EC488AA8B092}
	EndGlobalSection
EndGlobal
